// !$*UTF8*$!
{
	archiveVersion = 1;
	classes = {
	};
	objectVersion = 56;
	objects = {

/* Begin PBXBuildFile section */
		43189CB02AE23EB000B7964E /* ItemView.swift in Sources */ = {isa = PBXBuildFile; fileRef = 43189CAF2AE23EB000B7964E /* ItemView.swift */; };
		43189CB22AE240D200B7964E /* StatsView.swift in Sources */ = {isa = PBXBuildFile; fileRef = 43189CB12AE240D200B7964E /* StatsView.swift */; };
		43189CB62AE24A2800B7964E /* Colors.swift in Sources */ = {isa = PBXBuildFile; fileRef = 43189CB52AE24A2800B7964E /* Colors.swift */; };
		43189CB82AE24C9D00B7964E /* PokemonCapsuleView.swift in Sources */ = {isa = PBXBuildFile; fileRef = 43189CB72AE24C9D00B7964E /* PokemonCapsuleView.swift */; };
		43189CBA2AE25F0400B7964E /* PokemonView.swift in Sources */ = {isa = PBXBuildFile; fileRef = 43189CB92AE25F0400B7964E /* PokemonView.swift */; };
		43189CBD2AE288F400B7964E /* HeaderView.swift in Sources */ = {isa = PBXBuildFile; fileRef = 43189CBC2AE288F400B7964E /* HeaderView.swift */; };
		43189CBF2AE28EBB00B7964E /* ImageTextSectionView.swift in Sources */ = {isa = PBXBuildFile; fileRef = 43189CBE2AE28EBB00B7964E /* ImageTextSectionView.swift */; };
		43189CC22AE2A7AB00B7964E /* AppButton.swift in Sources */ = {isa = PBXBuildFile; fileRef = 43189CC12AE2A7AB00B7964E /* AppButton.swift */; };
		43189CC52AE2B3BC00B7964E /* Kingfisher in Frameworks */ = {isa = PBXBuildFile; productRef = 43189CC42AE2B3BC00B7964E /* Kingfisher */; };
		438260762AE37DA4005D9723 /* EvolutionChainView.swift in Sources */ = {isa = PBXBuildFile; fileRef = 438260752AE37DA4005D9723 /* EvolutionChainView.swift */; };
		438260782AE37EA6005D9723 /* PokemonDetailViewModel.swift in Sources */ = {isa = PBXBuildFile; fileRef = 438260772AE37EA6005D9723 /* PokemonDetailViewModel.swift */; };
		4382607C2AE37F53005D9723 /* IPokemonDetailUseCase.swift in Sources */ = {isa = PBXBuildFile; fileRef = 4382607B2AE37F53005D9723 /* IPokemonDetailUseCase.swift */; };
		4382607E2AE382C9005D9723 /* PokemonDetailUseCaseImpl.swift in Sources */ = {isa = PBXBuildFile; fileRef = 4382607D2AE382C9005D9723 /* PokemonDetailUseCaseImpl.swift */; };
		438260802AE38348005D9723 /* IPokemonDetailRepositroy.swift in Sources */ = {isa = PBXBuildFile; fileRef = 4382607F2AE38348005D9723 /* IPokemonDetailRepositroy.swift */; };
		438260822AE3839A005D9723 /* PokemonDetailRepository.swift in Sources */ = {isa = PBXBuildFile; fileRef = 438260812AE3839A005D9723 /* PokemonDetailRepository.swift */; };
		438260842AE38FF8005D9723 /* PokemonDetailDTO.swift in Sources */ = {isa = PBXBuildFile; fileRef = 438260832AE38FF8005D9723 /* PokemonDetailDTO.swift */; };
		438260882AE50D2D005D9723 /* PokemonDescriptionDTO.swift in Sources */ = {isa = PBXBuildFile; fileRef = 438260872AE50D2D005D9723 /* PokemonDescriptionDTO.swift */; };
		4382608A2AE50D56005D9723 /* PokemonWeaknessDTO.swift in Sources */ = {isa = PBXBuildFile; fileRef = 438260892AE50D56005D9723 /* PokemonWeaknessDTO.swift */; };
		4382608C2AE50D6A005D9723 /* EvolutionChainDTO.swift in Sources */ = {isa = PBXBuildFile; fileRef = 4382608B2AE50D6A005D9723 /* EvolutionChainDTO.swift */; };
		4382608E2AE5702B005D9723 /* QualityView.swift in Sources */ = {isa = PBXBuildFile; fileRef = 4382608D2AE5702B005D9723 /* QualityView.swift */; };
		438260902AE78648005D9723 /* GeneralPropertyView.swift in Sources */ = {isa = PBXBuildFile; fileRef = 4382608F2AE78648005D9723 /* GeneralPropertyView.swift */; };
		4390CBEE2AE13FAE00F76E2A /* PokemonApp.swift in Sources */ = {isa = PBXBuildFile; fileRef = 4390CBED2AE13FAE00F76E2A /* PokemonApp.swift */; };
		4390CBF22AE13FB000F76E2A /* Assets.xcassets in Resources */ = {isa = PBXBuildFile; fileRef = 4390CBF12AE13FB000F76E2A /* Assets.xcassets */; };
		4390CBF52AE13FB000F76E2A /* Preview Assets.xcassets in Resources */ = {isa = PBXBuildFile; fileRef = 4390CBF42AE13FB000F76E2A /* Preview Assets.xcassets */; };
		4390CBFF2AE13FB100F76E2A /* PokemonTests.swift in Sources */ = {isa = PBXBuildFile; fileRef = 4390CBFE2AE13FB100F76E2A /* PokemonTests.swift */; };
		4390CC092AE13FB100F76E2A /* PokemonUITests.swift in Sources */ = {isa = PBXBuildFile; fileRef = 4390CC082AE13FB100F76E2A /* PokemonUITests.swift */; };
		4390CC0B2AE13FB100F76E2A /* PokemonUITestsLaunchTests.swift in Sources */ = {isa = PBXBuildFile; fileRef = 4390CC0A2AE13FB100F76E2A /* PokemonUITestsLaunchTests.swift */; };
		4390CC1E2AE1415000F76E2A /* AsynContentView.swift in Sources */ = {isa = PBXBuildFile; fileRef = 4390CC1D2AE1415000F76E2A /* AsynContentView.swift */; };
		4390CC2B2AE1427100F76E2A /* PokemonListView.swift in Sources */ = {isa = PBXBuildFile; fileRef = 4390CC2A2AE1427100F76E2A /* PokemonListView.swift */; };
		4390CC322AE142BF00F76E2A /* URLRequestGenerator.swift in Sources */ = {isa = PBXBuildFile; fileRef = 4390CC2E2AE142BF00F76E2A /* URLRequestGenerator.swift */; };
		4390CC332AE142BF00F76E2A /* NetworkManager.swift in Sources */ = {isa = PBXBuildFile; fileRef = 4390CC2F2AE142BF00F76E2A /* NetworkManager.swift */; };
		4390CC342AE142BF00F76E2A /* NetworkRequest.swift in Sources */ = {isa = PBXBuildFile; fileRef = 4390CC302AE142BF00F76E2A /* NetworkRequest.swift */; };
		4390CC352AE142BF00F76E2A /* NetworkError.swift in Sources */ = {isa = PBXBuildFile; fileRef = 4390CC312AE142BF00F76E2A /* NetworkError.swift */; };
		4390CC372AE14ECF00F76E2A /* PokemonListDTO.swift in Sources */ = {isa = PBXBuildFile; fileRef = 4390CC362AE14ECF00F76E2A /* PokemonListDTO.swift */; };
		4390CC3D2AE1557B00F76E2A /* Pokemon.swift in Sources */ = {isa = PBXBuildFile; fileRef = 4390CC3C2AE1557B00F76E2A /* Pokemon.swift */; };
		4390CC412AE156D000F76E2A /* IPokemonRepository.swift in Sources */ = {isa = PBXBuildFile; fileRef = 4390CC402AE156D000F76E2A /* IPokemonRepository.swift */; };
		4390CC432AE1570100F76E2A /* PokemonRepository.swift in Sources */ = {isa = PBXBuildFile; fileRef = 4390CC422AE1570100F76E2A /* PokemonRepository.swift */; };
		4390CC452AE157C800F76E2A /* IPokemonListUseCase.swift in Sources */ = {isa = PBXBuildFile; fileRef = 4390CC442AE157C800F76E2A /* IPokemonListUseCase.swift */; };
		4390CC472AE1580500F76E2A /* PokemonListUseCaseImpl.swift in Sources */ = {isa = PBXBuildFile; fileRef = 4390CC462AE1580500F76E2A /* PokemonListUseCaseImpl.swift */; };
		4390CC492AE1593900F76E2A /* PokemonListViewModel.swift in Sources */ = {isa = PBXBuildFile; fileRef = 4390CC482AE1593900F76E2A /* PokemonListViewModel.swift */; };
		4390CC4B2AE15A5800F76E2A /* PokemonDetailView.swift in Sources */ = {isa = PBXBuildFile; fileRef = 4390CC4A2AE15A5800F76E2A /* PokemonDetailView.swift */; };
		4390CC4D2AE15A7400F76E2A /* PokemonCellView.swift in Sources */ = {isa = PBXBuildFile; fileRef = 4390CC4C2AE15A7400F76E2A /* PokemonCellView.swift */; };
		4390CC502AE1895100F76E2A /* PokemonSearchView.swift in Sources */ = {isa = PBXBuildFile; fileRef = 4390CC4F2AE1895100F76E2A /* PokemonSearchView.swift */; };
		4390CC532AE1970600F76E2A /* raw.githubusercontent.com.cer in Resources */ = {isa = PBXBuildFile; fileRef = 4390CC522AE1970600F76E2A /* raw.githubusercontent.com.cer */; };
/* End PBXBuildFile section */

/* Begin PBXContainerItemProxy section */
		4390CBFB2AE13FB100F76E2A /* PBXContainerItemProxy */ = {
			isa = PBXContainerItemProxy;
			containerPortal = 4390CBE22AE13FAE00F76E2A /* Project object */;
			proxyType = 1;
			remoteGlobalIDString = 4390CBE92AE13FAE00F76E2A;
			remoteInfo = Pokemon;
		};
		4390CC052AE13FB100F76E2A /* PBXContainerItemProxy */ = {
			isa = PBXContainerItemProxy;
			containerPortal = 4390CBE22AE13FAE00F76E2A /* Project object */;
			proxyType = 1;
			remoteGlobalIDString = 4390CBE92AE13FAE00F76E2A;
			remoteInfo = Pokemon;
		};
/* End PBXContainerItemProxy section */

/* Begin PBXFileReference section */
		43189CAF2AE23EB000B7964E /* ItemView.swift */ = {isa = PBXFileReference; lastKnownFileType = sourcecode.swift; path = ItemView.swift; sourceTree = "<group>"; };
		43189CB12AE240D200B7964E /* StatsView.swift */ = {isa = PBXFileReference; lastKnownFileType = sourcecode.swift; path = StatsView.swift; sourceTree = "<group>"; };
		43189CB52AE24A2800B7964E /* Colors.swift */ = {isa = PBXFileReference; lastKnownFileType = sourcecode.swift; path = Colors.swift; sourceTree = "<group>"; };
		43189CB72AE24C9D00B7964E /* PokemonCapsuleView.swift */ = {isa = PBXFileReference; lastKnownFileType = sourcecode.swift; path = PokemonCapsuleView.swift; sourceTree = "<group>"; };
		43189CB92AE25F0400B7964E /* PokemonView.swift */ = {isa = PBXFileReference; lastKnownFileType = sourcecode.swift; path = PokemonView.swift; sourceTree = "<group>"; };
		43189CBC2AE288F400B7964E /* HeaderView.swift */ = {isa = PBXFileReference; lastKnownFileType = sourcecode.swift; path = HeaderView.swift; sourceTree = "<group>"; };
		43189CBE2AE28EBB00B7964E /* ImageTextSectionView.swift */ = {isa = PBXFileReference; lastKnownFileType = sourcecode.swift; path = ImageTextSectionView.swift; sourceTree = "<group>"; };
		43189CC12AE2A7AB00B7964E /* AppButton.swift */ = {isa = PBXFileReference; lastKnownFileType = sourcecode.swift; path = AppButton.swift; sourceTree = "<group>"; };
		438260752AE37DA4005D9723 /* EvolutionChainView.swift */ = {isa = PBXFileReference; lastKnownFileType = sourcecode.swift; path = EvolutionChainView.swift; sourceTree = "<group>"; };
		438260772AE37EA6005D9723 /* PokemonDetailViewModel.swift */ = {isa = PBXFileReference; lastKnownFileType = sourcecode.swift; path = PokemonDetailViewModel.swift; sourceTree = "<group>"; };
		4382607B2AE37F53005D9723 /* IPokemonDetailUseCase.swift */ = {isa = PBXFileReference; lastKnownFileType = sourcecode.swift; path = IPokemonDetailUseCase.swift; sourceTree = "<group>"; };
		4382607D2AE382C9005D9723 /* PokemonDetailUseCaseImpl.swift */ = {isa = PBXFileReference; lastKnownFileType = sourcecode.swift; path = PokemonDetailUseCaseImpl.swift; sourceTree = "<group>"; };
		4382607F2AE38348005D9723 /* IPokemonDetailRepositroy.swift */ = {isa = PBXFileReference; lastKnownFileType = sourcecode.swift; path = IPokemonDetailRepositroy.swift; sourceTree = "<group>"; };
		438260812AE3839A005D9723 /* PokemonDetailRepository.swift */ = {isa = PBXFileReference; lastKnownFileType = sourcecode.swift; path = PokemonDetailRepository.swift; sourceTree = "<group>"; };
		438260832AE38FF8005D9723 /* PokemonDetailDTO.swift */ = {isa = PBXFileReference; lastKnownFileType = sourcecode.swift; path = PokemonDetailDTO.swift; sourceTree = "<group>"; };
		438260872AE50D2D005D9723 /* PokemonDescriptionDTO.swift */ = {isa = PBXFileReference; lastKnownFileType = sourcecode.swift; path = PokemonDescriptionDTO.swift; sourceTree = "<group>"; };
		438260892AE50D56005D9723 /* PokemonWeaknessDTO.swift */ = {isa = PBXFileReference; lastKnownFileType = sourcecode.swift; path = PokemonWeaknessDTO.swift; sourceTree = "<group>"; };
		4382608B2AE50D6A005D9723 /* EvolutionChainDTO.swift */ = {isa = PBXFileReference; lastKnownFileType = sourcecode.swift; path = EvolutionChainDTO.swift; sourceTree = "<group>"; };
		4382608D2AE5702B005D9723 /* QualityView.swift */ = {isa = PBXFileReference; lastKnownFileType = sourcecode.swift; path = QualityView.swift; sourceTree = "<group>"; };
		4382608F2AE78648005D9723 /* GeneralPropertyView.swift */ = {isa = PBXFileReference; lastKnownFileType = sourcecode.swift; path = GeneralPropertyView.swift; sourceTree = "<group>"; };
		4390CBEA2AE13FAE00F76E2A /* Pokemon.app */ = {isa = PBXFileReference; explicitFileType = wrapper.application; includeInIndex = 0; path = Pokemon.app; sourceTree = BUILT_PRODUCTS_DIR; };
		4390CBED2AE13FAE00F76E2A /* PokemonApp.swift */ = {isa = PBXFileReference; lastKnownFileType = sourcecode.swift; path = PokemonApp.swift; sourceTree = "<group>"; };
		4390CBF12AE13FB000F76E2A /* Assets.xcassets */ = {isa = PBXFileReference; lastKnownFileType = folder.assetcatalog; path = Assets.xcassets; sourceTree = "<group>"; };
		4390CBF42AE13FB000F76E2A /* Preview Assets.xcassets */ = {isa = PBXFileReference; lastKnownFileType = folder.assetcatalog; path = "Preview Assets.xcassets"; sourceTree = "<group>"; };
		4390CBFA2AE13FB100F76E2A /* PokemonTests.xctest */ = {isa = PBXFileReference; explicitFileType = wrapper.cfbundle; includeInIndex = 0; path = PokemonTests.xctest; sourceTree = BUILT_PRODUCTS_DIR; };
		4390CBFE2AE13FB100F76E2A /* PokemonTests.swift */ = {isa = PBXFileReference; lastKnownFileType = sourcecode.swift; path = PokemonTests.swift; sourceTree = "<group>"; };
		4390CC042AE13FB100F76E2A /* PokemonUITests.xctest */ = {isa = PBXFileReference; explicitFileType = wrapper.cfbundle; includeInIndex = 0; path = PokemonUITests.xctest; sourceTree = BUILT_PRODUCTS_DIR; };
		4390CC082AE13FB100F76E2A /* PokemonUITests.swift */ = {isa = PBXFileReference; lastKnownFileType = sourcecode.swift; path = PokemonUITests.swift; sourceTree = "<group>"; };
		4390CC0A2AE13FB100F76E2A /* PokemonUITestsLaunchTests.swift */ = {isa = PBXFileReference; lastKnownFileType = sourcecode.swift; path = PokemonUITestsLaunchTests.swift; sourceTree = "<group>"; };
		4390CC1D2AE1415000F76E2A /* AsynContentView.swift */ = {isa = PBXFileReference; lastKnownFileType = sourcecode.swift; path = AsynContentView.swift; sourceTree = "<group>"; };
		4390CC2A2AE1427100F76E2A /* PokemonListView.swift */ = {isa = PBXFileReference; lastKnownFileType = sourcecode.swift; path = PokemonListView.swift; sourceTree = "<group>"; };
		4390CC2E2AE142BF00F76E2A /* URLRequestGenerator.swift */ = {isa = PBXFileReference; fileEncoding = 4; lastKnownFileType = sourcecode.swift; path = URLRequestGenerator.swift; sourceTree = "<group>"; };
		4390CC2F2AE142BF00F76E2A /* NetworkManager.swift */ = {isa = PBXFileReference; fileEncoding = 4; lastKnownFileType = sourcecode.swift; path = NetworkManager.swift; sourceTree = "<group>"; };
		4390CC302AE142BF00F76E2A /* NetworkRequest.swift */ = {isa = PBXFileReference; fileEncoding = 4; lastKnownFileType = sourcecode.swift; path = NetworkRequest.swift; sourceTree = "<group>"; };
		4390CC312AE142BF00F76E2A /* NetworkError.swift */ = {isa = PBXFileReference; fileEncoding = 4; lastKnownFileType = sourcecode.swift; path = NetworkError.swift; sourceTree = "<group>"; };
		4390CC362AE14ECF00F76E2A /* PokemonListDTO.swift */ = {isa = PBXFileReference; lastKnownFileType = sourcecode.swift; path = PokemonListDTO.swift; sourceTree = "<group>"; };
		4390CC3C2AE1557B00F76E2A /* Pokemon.swift */ = {isa = PBXFileReference; lastKnownFileType = sourcecode.swift; path = Pokemon.swift; sourceTree = "<group>"; };
		4390CC402AE156D000F76E2A /* IPokemonRepository.swift */ = {isa = PBXFileReference; lastKnownFileType = sourcecode.swift; path = IPokemonRepository.swift; sourceTree = "<group>"; };
		4390CC422AE1570100F76E2A /* PokemonRepository.swift */ = {isa = PBXFileReference; lastKnownFileType = sourcecode.swift; path = PokemonRepository.swift; sourceTree = "<group>"; };
		4390CC442AE157C800F76E2A /* IPokemonListUseCase.swift */ = {isa = PBXFileReference; lastKnownFileType = sourcecode.swift; path = IPokemonListUseCase.swift; sourceTree = "<group>"; };
		4390CC462AE1580500F76E2A /* PokemonListUseCaseImpl.swift */ = {isa = PBXFileReference; lastKnownFileType = sourcecode.swift; path = PokemonListUseCaseImpl.swift; sourceTree = "<group>"; };
		4390CC482AE1593900F76E2A /* PokemonListViewModel.swift */ = {isa = PBXFileReference; lastKnownFileType = sourcecode.swift; path = PokemonListViewModel.swift; sourceTree = "<group>"; };
		4390CC4A2AE15A5800F76E2A /* PokemonDetailView.swift */ = {isa = PBXFileReference; lastKnownFileType = sourcecode.swift; path = PokemonDetailView.swift; sourceTree = "<group>"; };
		4390CC4C2AE15A7400F76E2A /* PokemonCellView.swift */ = {isa = PBXFileReference; lastKnownFileType = sourcecode.swift; path = PokemonCellView.swift; sourceTree = "<group>"; };
		4390CC4F2AE1895100F76E2A /* PokemonSearchView.swift */ = {isa = PBXFileReference; lastKnownFileType = sourcecode.swift; path = PokemonSearchView.swift; sourceTree = "<group>"; };
		4390CC512AE1958900F76E2A /* Info.plist */ = {isa = PBXFileReference; lastKnownFileType = text.plist; path = Info.plist; sourceTree = "<group>"; };
		4390CC522AE1970600F76E2A /* raw.githubusercontent.com.cer */ = {isa = PBXFileReference; fileEncoding = 4; lastKnownFileType = text; path = raw.githubusercontent.com.cer; sourceTree = "<group>"; };
/* End PBXFileReference section */

/* Begin PBXFrameworksBuildPhase section */
		4390CBE72AE13FAE00F76E2A /* Frameworks */ = {
			isa = PBXFrameworksBuildPhase;
			buildActionMask = 2147483647;
			files = (
				43189CC52AE2B3BC00B7964E /* Kingfisher in Frameworks */,
			);
			runOnlyForDeploymentPostprocessing = 0;
		};
		4390CBF72AE13FB100F76E2A /* Frameworks */ = {
			isa = PBXFrameworksBuildPhase;
			buildActionMask = 2147483647;
			files = (
			);
			runOnlyForDeploymentPostprocessing = 0;
		};
		4390CC012AE13FB100F76E2A /* Frameworks */ = {
			isa = PBXFrameworksBuildPhase;
			buildActionMask = 2147483647;
			files = (
			);
			runOnlyForDeploymentPostprocessing = 0;
		};
/* End PBXFrameworksBuildPhase section */

/* Begin PBXGroup section */
		43189CB32AE24A0D00B7964E /* Utils */ = {
			isa = PBXGroup;
			children = (
				43189CC02AE2A78500B7964E /* Common */,
				43189CB42AE24A1700B7964E /* Extensions */,
			);
			path = Utils;
			sourceTree = "<group>";
		};
		43189CB42AE24A1700B7964E /* Extensions */ = {
			isa = PBXGroup;
			children = (
				43189CB52AE24A2800B7964E /* Colors.swift */,
			);
			path = Extensions;
			sourceTree = "<group>";
		};
		43189CBB2AE288DE00B7964E /* Detail */ = {
			isa = PBXGroup;
			children = (
				43189CBC2AE288F400B7964E /* HeaderView.swift */,
				43189CBE2AE28EBB00B7964E /* ImageTextSectionView.swift */,
				4382608D2AE5702B005D9723 /* QualityView.swift */,
				4382608F2AE78648005D9723 /* GeneralPropertyView.swift */,
				43189CAF2AE23EB000B7964E /* ItemView.swift */,
				43189CB12AE240D200B7964E /* StatsView.swift */,
				438260752AE37DA4005D9723 /* EvolutionChainView.swift */,
				43189CB72AE24C9D00B7964E /* PokemonCapsuleView.swift */,
				43189CB92AE25F0400B7964E /* PokemonView.swift */,
			);
			path = Detail;
			sourceTree = "<group>";
		};
		43189CC02AE2A78500B7964E /* Common */ = {
			isa = PBXGroup;
			children = (
				4390CC1D2AE1415000F76E2A /* AsynContentView.swift */,
				43189CC12AE2A7AB00B7964E /* AppButton.swift */,
			);
			path = Common;
			sourceTree = "<group>";
		};
		438260722AE37AC2005D9723 /* Infrastructure */ = {
			isa = PBXGroup;
			children = (
				4390CC192AE140E500F76E2A /* Networking */,
			);
			path = Infrastructure;
			sourceTree = "<group>";
		};
		438260742AE37B95005D9723 /* List */ = {
			isa = PBXGroup;
			children = (
				4390CC4C2AE15A7400F76E2A /* PokemonCellView.swift */,
				4390CC4F2AE1895100F76E2A /* PokemonSearchView.swift */,
			);
			path = List;
			sourceTree = "<group>";
		};
		438260792AE37F11005D9723 /* ListUseCases */ = {
			isa = PBXGroup;
			children = (
				4390CC442AE157C800F76E2A /* IPokemonListUseCase.swift */,
				4390CC462AE1580500F76E2A /* PokemonListUseCaseImpl.swift */,
			);
			path = ListUseCases;
			sourceTree = "<group>";
		};
		4382607A2AE37F23005D9723 /* DetailUseCases */ = {
			isa = PBXGroup;
			children = (
				4382607B2AE37F53005D9723 /* IPokemonDetailUseCase.swift */,
				4382607D2AE382C9005D9723 /* PokemonDetailUseCaseImpl.swift */,
			);
			path = DetailUseCases;
			sourceTree = "<group>";
		};
		4390CBE12AE13FAE00F76E2A = {
			isa = PBXGroup;
			children = (
				4390CBEC2AE13FAE00F76E2A /* Pokemon */,
				4390CBFD2AE13FB100F76E2A /* PokemonTests */,
				4390CC072AE13FB100F76E2A /* PokemonUITests */,
				4390CBEB2AE13FAE00F76E2A /* Products */,
			);
			sourceTree = "<group>";
		};
		4390CBEB2AE13FAE00F76E2A /* Products */ = {
			isa = PBXGroup;
			children = (
				4390CBEA2AE13FAE00F76E2A /* Pokemon.app */,
				4390CBFA2AE13FB100F76E2A /* PokemonTests.xctest */,
				4390CC042AE13FB100F76E2A /* PokemonUITests.xctest */,
			);
			name = Products;
			sourceTree = "<group>";
		};
		4390CBEC2AE13FAE00F76E2A /* Pokemon */ = {
			isa = PBXGroup;
			children = (
				4390CC512AE1958900F76E2A /* Info.plist */,
				4390CC172AE140C200F76E2A /* Application */,
				4390CC182AE140CB00F76E2A /* Modules */,
				4390CC1A2AE140EF00F76E2A /* Resources */,
				43189CB32AE24A0D00B7964E /* Utils */,
				4390CBF12AE13FB000F76E2A /* Assets.xcassets */,
				438260722AE37AC2005D9723 /* Infrastructure */,
				4390CBF32AE13FB000F76E2A /* Preview Content */,
			);
			path = Pokemon;
			sourceTree = "<group>";
		};
		4390CBF32AE13FB000F76E2A /* Preview Content */ = {
			isa = PBXGroup;
			children = (
				4390CBF42AE13FB000F76E2A /* Preview Assets.xcassets */,
			);
			path = "Preview Content";
			sourceTree = "<group>";
		};
		4390CBFD2AE13FB100F76E2A /* PokemonTests */ = {
			isa = PBXGroup;
			children = (
				4390CBFE2AE13FB100F76E2A /* PokemonTests.swift */,
			);
			path = PokemonTests;
			sourceTree = "<group>";
		};
		4390CC072AE13FB100F76E2A /* PokemonUITests */ = {
			isa = PBXGroup;
			children = (
				4390CC082AE13FB100F76E2A /* PokemonUITests.swift */,
				4390CC0A2AE13FB100F76E2A /* PokemonUITestsLaunchTests.swift */,
			);
			path = PokemonUITests;
			sourceTree = "<group>";
		};
		4390CC172AE140C200F76E2A /* Application */ = {
			isa = PBXGroup;
			children = (
				4390CBED2AE13FAE00F76E2A /* PokemonApp.swift */,
			);
			path = Application;
			sourceTree = "<group>";
		};
		4390CC182AE140CB00F76E2A /* Modules */ = {
			isa = PBXGroup;
			children = (
				4390CC1B2AE1412700F76E2A /* PokemonModule */,
			);
			path = Modules;
			sourceTree = "<group>";
		};
		4390CC192AE140E500F76E2A /* Networking */ = {
			isa = PBXGroup;
			children = (
				4390CC312AE142BF00F76E2A /* NetworkError.swift */,
				4390CC2F2AE142BF00F76E2A /* NetworkManager.swift */,
				4390CC302AE142BF00F76E2A /* NetworkRequest.swift */,
				4390CC2E2AE142BF00F76E2A /* URLRequestGenerator.swift */,
			);
			path = Networking;
			sourceTree = "<group>";
		};
		4390CC1A2AE140EF00F76E2A /* Resources */ = {
			isa = PBXGroup;
			children = (
				4390CC522AE1970600F76E2A /* raw.githubusercontent.com.cer */,
			);
			path = Resources;
			sourceTree = "<group>";
		};
		4390CC1B2AE1412700F76E2A /* PokemonModule */ = {
			isa = PBXGroup;
			children = (
				4390CC1C2AE1413A00F76E2A /* Presentation */,
				4390CC1F2AE1415F00F76E2A /* Domain */,
				4390CC202AE1416600F76E2A /* Data */,
			);
			path = PokemonModule;
			sourceTree = "<group>";
		};
		4390CC1C2AE1413A00F76E2A /* Presentation */ = {
			isa = PBXGroup;
			children = (
				4390CC212AE1417E00F76E2A /* Views */,
				4390CC222AE1418500F76E2A /* ViewModel */,
			);
			path = Presentation;
			sourceTree = "<group>";
		};
		4390CC1F2AE1415F00F76E2A /* Domain */ = {
			isa = PBXGroup;
			children = (
				4390CC4E2AE15C9500F76E2A /* Entity */,
				4390CC262AE141E200F76E2A /* UseCase */,
				4390CC242AE141C700F76E2A /* Repository */,
			);
			path = Domain;
			sourceTree = "<group>";
		};
		4390CC202AE1416600F76E2A /* Data */ = {
			isa = PBXGroup;
			children = (
				4390CC272AE141F900F76E2A /* Repository */,
				4390CC292AE1420800F76E2A /* Entities */,
			);
			path = Data;
			sourceTree = "<group>";
		};
		4390CC212AE1417E00F76E2A /* Views */ = {
			isa = PBXGroup;
			children = (
				4390CC3B2AE153D900F76E2A /* Component */,
				4390CC3A2AE153CC00F76E2A /* Screen */,
			);
			path = Views;
			sourceTree = "<group>";
		};
		4390CC222AE1418500F76E2A /* ViewModel */ = {
			isa = PBXGroup;
			children = (
				4390CC482AE1593900F76E2A /* PokemonListViewModel.swift */,
				438260772AE37EA6005D9723 /* PokemonDetailViewModel.swift */,
			);
			path = ViewModel;
			sourceTree = "<group>";
		};
		4390CC242AE141C700F76E2A /* Repository */ = {
			isa = PBXGroup;
			children = (
				4390CC402AE156D000F76E2A /* IPokemonRepository.swift */,
				4382607F2AE38348005D9723 /* IPokemonDetailRepositroy.swift */,
			);
			path = Repository;
			sourceTree = "<group>";
		};
		4390CC262AE141E200F76E2A /* UseCase */ = {
			isa = PBXGroup;
			children = (
				4382607A2AE37F23005D9723 /* DetailUseCases */,
				438260792AE37F11005D9723 /* ListUseCases */,
			);
			path = UseCase;
			sourceTree = "<group>";
		};
		4390CC272AE141F900F76E2A /* Repository */ = {
			isa = PBXGroup;
			children = (
				4390CC422AE1570100F76E2A /* PokemonRepository.swift */,
				438260812AE3839A005D9723 /* PokemonDetailRepository.swift */,
			);
			path = Repository;
			sourceTree = "<group>";
		};
		4390CC292AE1420800F76E2A /* Entities */ = {
			isa = PBXGroup;
			children = (
				4390CC362AE14ECF00F76E2A /* PokemonListDTO.swift */,
				438260832AE38FF8005D9723 /* PokemonDetailDTO.swift */,
				438260872AE50D2D005D9723 /* PokemonDescriptionDTO.swift */,
				438260892AE50D56005D9723 /* PokemonWeaknessDTO.swift */,
				4382608B2AE50D6A005D9723 /* EvolutionChainDTO.swift */,
			);
			path = Entities;
			sourceTree = "<group>";
		};
		4390CC3A2AE153CC00F76E2A /* Screen */ = {
			isa = PBXGroup;
			children = (
				4390CC2A2AE1427100F76E2A /* PokemonListView.swift */,
				4390CC4A2AE15A5800F76E2A /* PokemonDetailView.swift */,
			);
			path = Screen;
			sourceTree = "<group>";
		};
		4390CC3B2AE153D900F76E2A /* Component */ = {
			isa = PBXGroup;
			children = (
				438260742AE37B95005D9723 /* List */,
				43189CBB2AE288DE00B7964E /* Detail */,
			);
			path = Component;
			sourceTree = "<group>";
		};
		4390CC4E2AE15C9500F76E2A /* Entity */ = {
			isa = PBXGroup;
			children = (
				4390CC3C2AE1557B00F76E2A /* Pokemon.swift */,
			);
			path = Entity;
			sourceTree = "<group>";
		};
/* End PBXGroup section */

/* Begin PBXNativeTarget section */
		4390CBE92AE13FAE00F76E2A /* Pokemon */ = {
			isa = PBXNativeTarget;
			buildConfigurationList = 4390CC0E2AE13FB100F76E2A /* Build configuration list for PBXNativeTarget "Pokemon" */;
			buildPhases = (
				4390CBE62AE13FAE00F76E2A /* Sources */,
				4390CBE72AE13FAE00F76E2A /* Frameworks */,
				4390CBE82AE13FAE00F76E2A /* Resources */,
				43189CCC2AE2BEEC00B7964E /* ShellScript */,
			);
			buildRules = (
			);
			dependencies = (
			);
			name = Pokemon;
			packageProductDependencies = (
				43189CC42AE2B3BC00B7964E /* Kingfisher */,
			);
			productName = Pokemon;
			productReference = 4390CBEA2AE13FAE00F76E2A /* Pokemon.app */;
			productType = "com.apple.product-type.application";
		};
		4390CBF92AE13FB100F76E2A /* PokemonTests */ = {
			isa = PBXNativeTarget;
			buildConfigurationList = 4390CC112AE13FB100F76E2A /* Build configuration list for PBXNativeTarget "PokemonTests" */;
			buildPhases = (
				4390CBF62AE13FB100F76E2A /* Sources */,
				4390CBF72AE13FB100F76E2A /* Frameworks */,
				4390CBF82AE13FB100F76E2A /* Resources */,
			);
			buildRules = (
			);
			dependencies = (
				4390CBFC2AE13FB100F76E2A /* PBXTargetDependency */,
			);
			name = PokemonTests;
			productName = PokemonTests;
			productReference = 4390CBFA2AE13FB100F76E2A /* PokemonTests.xctest */;
			productType = "com.apple.product-type.bundle.unit-test";
		};
		4390CC032AE13FB100F76E2A /* PokemonUITests */ = {
			isa = PBXNativeTarget;
			buildConfigurationList = 4390CC142AE13FB100F76E2A /* Build configuration list for PBXNativeTarget "PokemonUITests" */;
			buildPhases = (
				4390CC002AE13FB100F76E2A /* Sources */,
				4390CC012AE13FB100F76E2A /* Frameworks */,
				4390CC022AE13FB100F76E2A /* Resources */,
			);
			buildRules = (
			);
			dependencies = (
				4390CC062AE13FB100F76E2A /* PBXTargetDependency */,
			);
			name = PokemonUITests;
			productName = PokemonUITests;
			productReference = 4390CC042AE13FB100F76E2A /* PokemonUITests.xctest */;
			productType = "com.apple.product-type.bundle.ui-testing";
		};
/* End PBXNativeTarget section */

/* Begin PBXProject section */
		4390CBE22AE13FAE00F76E2A /* Project object */ = {
			isa = PBXProject;
			attributes = {
				BuildIndependentTargetsInParallel = 1;
				LastSwiftUpdateCheck = 1500;
				LastUpgradeCheck = 1500;
				TargetAttributes = {
					4390CBE92AE13FAE00F76E2A = {
						CreatedOnToolsVersion = 15.0;
					};
					4390CBF92AE13FB100F76E2A = {
						CreatedOnToolsVersion = 15.0;
						TestTargetID = 4390CBE92AE13FAE00F76E2A;
					};
					4390CC032AE13FB100F76E2A = {
						CreatedOnToolsVersion = 15.0;
						TestTargetID = 4390CBE92AE13FAE00F76E2A;
					};
				};
			};
			buildConfigurationList = 4390CBE52AE13FAE00F76E2A /* Build configuration list for PBXProject "Pokemon" */;
			compatibilityVersion = "Xcode 14.0";
			developmentRegion = en;
			hasScannedForEncodings = 0;
			knownRegions = (
				en,
				Base,
			);
			mainGroup = 4390CBE12AE13FAE00F76E2A;
			packageReferences = (
				43189CC32AE2B3BC00B7964E /* XCRemoteSwiftPackageReference "Kingfisher" */,
				43189CC72AE2BE7700B7964E /* XCRemoteSwiftPackageReference "SwiftLint" */,
			);
			productRefGroup = 4390CBEB2AE13FAE00F76E2A /* Products */;
			projectDirPath = "";
			projectRoot = "";
			targets = (
				4390CBE92AE13FAE00F76E2A /* Pokemon */,
				4390CBF92AE13FB100F76E2A /* PokemonTests */,
				4390CC032AE13FB100F76E2A /* PokemonUITests */,
			);
		};
/* End PBXProject section */

/* Begin PBXResourcesBuildPhase section */
		4390CBE82AE13FAE00F76E2A /* Resources */ = {
			isa = PBXResourcesBuildPhase;
			buildActionMask = 2147483647;
			files = (
				4390CC532AE1970600F76E2A /* raw.githubusercontent.com.cer in Resources */,
				4390CBF52AE13FB000F76E2A /* Preview Assets.xcassets in Resources */,
				4390CBF22AE13FB000F76E2A /* Assets.xcassets in Resources */,
			);
			runOnlyForDeploymentPostprocessing = 0;
		};
		4390CBF82AE13FB100F76E2A /* Resources */ = {
			isa = PBXResourcesBuildPhase;
			buildActionMask = 2147483647;
			files = (
			);
			runOnlyForDeploymentPostprocessing = 0;
		};
		4390CC022AE13FB100F76E2A /* Resources */ = {
			isa = PBXResourcesBuildPhase;
			buildActionMask = 2147483647;
			files = (
			);
			runOnlyForDeploymentPostprocessing = 0;
		};
/* End PBXResourcesBuildPhase section */

/* Begin PBXShellScriptBuildPhase section */
		43189CCC2AE2BEEC00B7964E /* ShellScript */ = {
			isa = PBXShellScriptBuildPhase;
			buildActionMask = 2147483647;
			files = (
			);
			inputFileListPaths = (
			);
			inputPaths = (
			);
			outputFileListPaths = (
			);
			outputPaths = (
			);
			runOnlyForDeploymentPostprocessing = 0;
			shellPath = /bin/sh;
			shellScript = "
";
		};
/* End PBXShellScriptBuildPhase section */

/* Begin PBXSourcesBuildPhase section */
		4390CBE62AE13FAE00F76E2A /* Sources */ = {
			isa = PBXSourcesBuildPhase;
			buildActionMask = 2147483647;
			files = (
				43189CB22AE240D200B7964E /* StatsView.swift in Sources */,
				4390CC502AE1895100F76E2A /* PokemonSearchView.swift in Sources */,
				4390CC2B2AE1427100F76E2A /* PokemonListView.swift in Sources */,
				4382607C2AE37F53005D9723 /* IPokemonDetailUseCase.swift in Sources */,
				4390CC342AE142BF00F76E2A /* NetworkRequest.swift in Sources */,
				43189CB02AE23EB000B7964E /* ItemView.swift in Sources */,
				4382608E2AE5702B005D9723 /* QualityView.swift in Sources */,
				438260782AE37EA6005D9723 /* PokemonDetailViewModel.swift in Sources */,
				438260902AE78648005D9723 /* GeneralPropertyView.swift in Sources */,
				4390CC372AE14ECF00F76E2A /* PokemonListDTO.swift in Sources */,
				4390CC3D2AE1557B00F76E2A /* Pokemon.swift in Sources */,
				4390CC332AE142BF00F76E2A /* NetworkManager.swift in Sources */,
				4390CC1E2AE1415000F76E2A /* AsynContentView.swift in Sources */,
				4390CC4B2AE15A5800F76E2A /* PokemonDetailView.swift in Sources */,
				438260802AE38348005D9723 /* IPokemonDetailRepositroy.swift in Sources */,
				43189CB62AE24A2800B7964E /* Colors.swift in Sources */,
				4390CC492AE1593900F76E2A /* PokemonListViewModel.swift in Sources */,
				43189CBF2AE28EBB00B7964E /* ImageTextSectionView.swift in Sources */,
				4390CC352AE142BF00F76E2A /* NetworkError.swift in Sources */,
				4390CC472AE1580500F76E2A /* PokemonListUseCaseImpl.swift in Sources */,
				4390CC452AE157C800F76E2A /* IPokemonListUseCase.swift in Sources */,
				438260762AE37DA4005D9723 /* EvolutionChainView.swift in Sources */,
				43189CC22AE2A7AB00B7964E /* AppButton.swift in Sources */,
				4390CC432AE1570100F76E2A /* PokemonRepository.swift in Sources */,
				43189CB82AE24C9D00B7964E /* PokemonCapsuleView.swift in Sources */,
				438260882AE50D2D005D9723 /* PokemonDescriptionDTO.swift in Sources */,
				4390CC4D2AE15A7400F76E2A /* PokemonCellView.swift in Sources */,
				4382607E2AE382C9005D9723 /* PokemonDetailUseCaseImpl.swift in Sources */,
				4390CC412AE156D000F76E2A /* IPokemonRepository.swift in Sources */,
				438260842AE38FF8005D9723 /* PokemonDetailDTO.swift in Sources */,
				4390CBEE2AE13FAE00F76E2A /* PokemonApp.swift in Sources */,
				43189CBA2AE25F0400B7964E /* PokemonView.swift in Sources */,
				4390CC322AE142BF00F76E2A /* URLRequestGenerator.swift in Sources */,
				4382608A2AE50D56005D9723 /* PokemonWeaknessDTO.swift in Sources */,
				4382608C2AE50D6A005D9723 /* EvolutionChainDTO.swift in Sources */,
				438260822AE3839A005D9723 /* PokemonDetailRepository.swift in Sources */,
				43189CBD2AE288F400B7964E /* HeaderView.swift in Sources */,
			);
			runOnlyForDeploymentPostprocessing = 0;
		};
		4390CBF62AE13FB100F76E2A /* Sources */ = {
			isa = PBXSourcesBuildPhase;
			buildActionMask = 2147483647;
			files = (
				4390CBFF2AE13FB100F76E2A /* PokemonTests.swift in Sources */,
			);
			runOnlyForDeploymentPostprocessing = 0;
		};
		4390CC002AE13FB100F76E2A /* Sources */ = {
			isa = PBXSourcesBuildPhase;
			buildActionMask = 2147483647;
			files = (
				4390CC0B2AE13FB100F76E2A /* PokemonUITestsLaunchTests.swift in Sources */,
				4390CC092AE13FB100F76E2A /* PokemonUITests.swift in Sources */,
			);
			runOnlyForDeploymentPostprocessing = 0;
		};
/* End PBXSourcesBuildPhase section */

/* Begin PBXTargetDependency section */
		4390CBFC2AE13FB100F76E2A /* PBXTargetDependency */ = {
			isa = PBXTargetDependency;
			target = 4390CBE92AE13FAE00F76E2A /* Pokemon */;
			targetProxy = 4390CBFB2AE13FB100F76E2A /* PBXContainerItemProxy */;
		};
		4390CC062AE13FB100F76E2A /* PBXTargetDependency */ = {
			isa = PBXTargetDependency;
			target = 4390CBE92AE13FAE00F76E2A /* Pokemon */;
			targetProxy = 4390CC052AE13FB100F76E2A /* PBXContainerItemProxy */;
		};
/* End PBXTargetDependency section */

/* Begin XCBuildConfiguration section */
		4390CC0C2AE13FB100F76E2A /* Debug */ = {
			isa = XCBuildConfiguration;
			buildSettings = {
				ALWAYS_SEARCH_USER_PATHS = NO;
				ASSETCATALOG_COMPILER_GENERATE_SWIFT_ASSET_SYMBOL_EXTENSIONS = YES;
				CLANG_ANALYZER_NONNULL = YES;
				CLANG_ANALYZER_NUMBER_OBJECT_CONVERSION = YES_AGGRESSIVE;
				CLANG_CXX_LANGUAGE_STANDARD = "gnu++20";
				CLANG_ENABLE_MODULES = YES;
				CLANG_ENABLE_OBJC_ARC = YES;
				CLANG_ENABLE_OBJC_WEAK = YES;
				CLANG_WARN_BLOCK_CAPTURE_AUTORELEASING = YES;
				CLANG_WARN_BOOL_CONVERSION = YES;
				CLANG_WARN_COMMA = YES;
				CLANG_WARN_CONSTANT_CONVERSION = YES;
				CLANG_WARN_DEPRECATED_OBJC_IMPLEMENTATIONS = YES;
				CLANG_WARN_DIRECT_OBJC_ISA_USAGE = YES_ERROR;
				CLANG_WARN_DOCUMENTATION_COMMENTS = YES;
				CLANG_WARN_EMPTY_BODY = YES;
				CLANG_WARN_ENUM_CONVERSION = YES;
				CLANG_WARN_INFINITE_RECURSION = YES;
				CLANG_WARN_INT_CONVERSION = YES;
				CLANG_WARN_NON_LITERAL_NULL_CONVERSION = YES;
				CLANG_WARN_OBJC_IMPLICIT_RETAIN_SELF = YES;
				CLANG_WARN_OBJC_LITERAL_CONVERSION = YES;
				CLANG_WARN_OBJC_ROOT_CLASS = YES_ERROR;
				CLANG_WARN_QUOTED_INCLUDE_IN_FRAMEWORK_HEADER = YES;
				CLANG_WARN_RANGE_LOOP_ANALYSIS = YES;
				CLANG_WARN_STRICT_PROTOTYPES = YES;
				CLANG_WARN_SUSPICIOUS_MOVE = YES;
				CLANG_WARN_UNGUARDED_AVAILABILITY = YES_AGGRESSIVE;
				CLANG_WARN_UNREACHABLE_CODE = YES;
				CLANG_WARN__DUPLICATE_METHOD_MATCH = YES;
				COPY_PHASE_STRIP = NO;
				DEBUG_INFORMATION_FORMAT = dwarf;
				ENABLE_STRICT_OBJC_MSGSEND = YES;
				ENABLE_TESTABILITY = YES;
				ENABLE_USER_SCRIPT_SANDBOXING = YES;
				GCC_C_LANGUAGE_STANDARD = gnu17;
				GCC_DYNAMIC_NO_PIC = NO;
				GCC_NO_COMMON_BLOCKS = YES;
				GCC_OPTIMIZATION_LEVEL = 0;
				GCC_PREPROCESSOR_DEFINITIONS = (
					"DEBUG=1",
					"$(inherited)",
				);
				GCC_WARN_64_TO_32_BIT_CONVERSION = YES;
				GCC_WARN_ABOUT_RETURN_TYPE = YES_ERROR;
				GCC_WARN_UNDECLARED_SELECTOR = YES;
				GCC_WARN_UNINITIALIZED_AUTOS = YES_AGGRESSIVE;
				GCC_WARN_UNUSED_FUNCTION = YES;
				GCC_WARN_UNUSED_VARIABLE = YES;
				IPHONEOS_DEPLOYMENT_TARGET = 17.0;
				LOCALIZATION_PREFERS_STRING_CATALOGS = YES;
				MTL_ENABLE_DEBUG_INFO = INCLUDE_SOURCE;
				MTL_FAST_MATH = YES;
				ONLY_ACTIVE_ARCH = YES;
				SDKROOT = iphoneos;
				SWIFT_ACTIVE_COMPILATION_CONDITIONS = "DEBUG $(inherited)";
				SWIFT_OPTIMIZATION_LEVEL = "-Onone";
			};
			name = Debug;
		};
		4390CC0D2AE13FB100F76E2A /* Release */ = {
			isa = XCBuildConfiguration;
			buildSettings = {
				ALWAYS_SEARCH_USER_PATHS = NO;
				ASSETCATALOG_COMPILER_GENERATE_SWIFT_ASSET_SYMBOL_EXTENSIONS = YES;
				CLANG_ANALYZER_NONNULL = YES;
				CLANG_ANALYZER_NUMBER_OBJECT_CONVERSION = YES_AGGRESSIVE;
				CLANG_CXX_LANGUAGE_STANDARD = "gnu++20";
				CLANG_ENABLE_MODULES = YES;
				CLANG_ENABLE_OBJC_ARC = YES;
				CLANG_ENABLE_OBJC_WEAK = YES;
				CLANG_WARN_BLOCK_CAPTURE_AUTORELEASING = YES;
				CLANG_WARN_BOOL_CONVERSION = YES;
				CLANG_WARN_COMMA = YES;
				CLANG_WARN_CONSTANT_CONVERSION = YES;
				CLANG_WARN_DEPRECATED_OBJC_IMPLEMENTATIONS = YES;
				CLANG_WARN_DIRECT_OBJC_ISA_USAGE = YES_ERROR;
				CLANG_WARN_DOCUMENTATION_COMMENTS = YES;
				CLANG_WARN_EMPTY_BODY = YES;
				CLANG_WARN_ENUM_CONVERSION = YES;
				CLANG_WARN_INFINITE_RECURSION = YES;
				CLANG_WARN_INT_CONVERSION = YES;
				CLANG_WARN_NON_LITERAL_NULL_CONVERSION = YES;
				CLANG_WARN_OBJC_IMPLICIT_RETAIN_SELF = YES;
				CLANG_WARN_OBJC_LITERAL_CONVERSION = YES;
				CLANG_WARN_OBJC_ROOT_CLASS = YES_ERROR;
				CLANG_WARN_QUOTED_INCLUDE_IN_FRAMEWORK_HEADER = YES;
				CLANG_WARN_RANGE_LOOP_ANALYSIS = YES;
				CLANG_WARN_STRICT_PROTOTYPES = YES;
				CLANG_WARN_SUSPICIOUS_MOVE = YES;
				CLANG_WARN_UNGUARDED_AVAILABILITY = YES_AGGRESSIVE;
				CLANG_WARN_UNREACHABLE_CODE = YES;
				CLANG_WARN__DUPLICATE_METHOD_MATCH = YES;
				COPY_PHASE_STRIP = NO;
				DEBUG_INFORMATION_FORMAT = "dwarf-with-dsym";
				ENABLE_NS_ASSERTIONS = NO;
				ENABLE_STRICT_OBJC_MSGSEND = YES;
				ENABLE_USER_SCRIPT_SANDBOXING = YES;
				GCC_C_LANGUAGE_STANDARD = gnu17;
				GCC_NO_COMMON_BLOCKS = YES;
				GCC_WARN_64_TO_32_BIT_CONVERSION = YES;
				GCC_WARN_ABOUT_RETURN_TYPE = YES_ERROR;
				GCC_WARN_UNDECLARED_SELECTOR = YES;
				GCC_WARN_UNINITIALIZED_AUTOS = YES_AGGRESSIVE;
				GCC_WARN_UNUSED_FUNCTION = YES;
				GCC_WARN_UNUSED_VARIABLE = YES;
				IPHONEOS_DEPLOYMENT_TARGET = 17.0;
				LOCALIZATION_PREFERS_STRING_CATALOGS = YES;
				MTL_ENABLE_DEBUG_INFO = NO;
				MTL_FAST_MATH = YES;
				SDKROOT = iphoneos;
				SWIFT_COMPILATION_MODE = wholemodule;
				VALIDATE_PRODUCT = YES;
			};
			name = Release;
		};
		4390CC0F2AE13FB100F76E2A /* Debug */ = {
			isa = XCBuildConfiguration;
			buildSettings = {
				ASSETCATALOG_COMPILER_APPICON_NAME = AppIcon;
				ASSETCATALOG_COMPILER_GLOBAL_ACCENT_COLOR_NAME = AccentColor;
				CODE_SIGN_STYLE = Automatic;
				CURRENT_PROJECT_VERSION = 1;
				DEVELOPMENT_ASSET_PATHS = "\"Pokemon/Preview Content\"";
				ENABLE_PREVIEWS = YES;
				GENERATE_INFOPLIST_FILE = YES;
				INFOPLIST_FILE = Pokemon/Info.plist;
				INFOPLIST_KEY_UIApplicationSceneManifest_Generation = YES;
				INFOPLIST_KEY_UIApplicationSupportsIndirectInputEvents = YES;
				INFOPLIST_KEY_UILaunchScreen_Generation = YES;
				INFOPLIST_KEY_UISupportedInterfaceOrientations_iPad = "UIInterfaceOrientationPortrait UIInterfaceOrientationPortraitUpsideDown UIInterfaceOrientationLandscapeLeft UIInterfaceOrientationLandscapeRight";
				INFOPLIST_KEY_UISupportedInterfaceOrientations_iPhone = "UIInterfaceOrientationPortrait UIInterfaceOrientationLandscapeLeft UIInterfaceOrientationLandscapeRight";
				LD_RUNPATH_SEARCH_PATHS = (
					"$(inherited)",
					"@executable_path/Frameworks",
				);
				MARKETING_VERSION = 1.0;
				PRODUCT_BUNDLE_IDENTIFIER = com.login.Pokemon;
				PRODUCT_NAME = "$(TARGET_NAME)";
				SWIFT_EMIT_LOC_STRINGS = YES;
				SWIFT_VERSION = 5.0;
				TARGETED_DEVICE_FAMILY = "1,2";
			};
			name = Debug;
		};
		4390CC102AE13FB100F76E2A /* Release */ = {
			isa = XCBuildConfiguration;
			buildSettings = {
				ASSETCATALOG_COMPILER_APPICON_NAME = AppIcon;
				ASSETCATALOG_COMPILER_GLOBAL_ACCENT_COLOR_NAME = AccentColor;
				CODE_SIGN_STYLE = Automatic;
				CURRENT_PROJECT_VERSION = 1;
				DEVELOPMENT_ASSET_PATHS = "\"Pokemon/Preview Content\"";
				ENABLE_PREVIEWS = YES;
				GENERATE_INFOPLIST_FILE = YES;
				INFOPLIST_FILE = Pokemon/Info.plist;
				INFOPLIST_KEY_UIApplicationSceneManifest_Generation = YES;
				INFOPLIST_KEY_UIApplicationSupportsIndirectInputEvents = YES;
				INFOPLIST_KEY_UILaunchScreen_Generation = YES;
				INFOPLIST_KEY_UISupportedInterfaceOrientations_iPad = "UIInterfaceOrientationPortrait UIInterfaceOrientationPortraitUpsideDown UIInterfaceOrientationLandscapeLeft UIInterfaceOrientationLandscapeRight";
				INFOPLIST_KEY_UISupportedInterfaceOrientations_iPhone = "UIInterfaceOrientationPortrait UIInterfaceOrientationLandscapeLeft UIInterfaceOrientationLandscapeRight";
				LD_RUNPATH_SEARCH_PATHS = (
					"$(inherited)",
					"@executable_path/Frameworks",
				);
				MARKETING_VERSION = 1.0;
				PRODUCT_BUNDLE_IDENTIFIER = com.login.Pokemon;
				PRODUCT_NAME = "$(TARGET_NAME)";
				SWIFT_EMIT_LOC_STRINGS = YES;
				SWIFT_VERSION = 5.0;
				TARGETED_DEVICE_FAMILY = "1,2";
			};
			name = Release;
		};
		4390CC122AE13FB100F76E2A /* Debug */ = {
			isa = XCBuildConfiguration;
			buildSettings = {
				ALWAYS_EMBED_SWIFT_STANDARD_LIBRARIES = YES;
				BUNDLE_LOADER = "$(TEST_HOST)";
				CODE_SIGN_STYLE = Automatic;
				CURRENT_PROJECT_VERSION = 1;
				GENERATE_INFOPLIST_FILE = YES;
				IPHONEOS_DEPLOYMENT_TARGET = 17.0;
				MARKETING_VERSION = 1.0;
				PRODUCT_BUNDLE_IDENTIFIER = com.login.PokemonTests;
				PRODUCT_NAME = "$(TARGET_NAME)";
				SWIFT_EMIT_LOC_STRINGS = NO;
				SWIFT_VERSION = 5.0;
				TARGETED_DEVICE_FAMILY = "1,2";
				TEST_HOST = "$(BUILT_PRODUCTS_DIR)/Pokemon.app/$(BUNDLE_EXECUTABLE_FOLDER_PATH)/Pokemon";
			};
			name = Debug;
		};
		4390CC132AE13FB100F76E2A /* Release */ = {
			isa = XCBuildConfiguration;
			buildSettings = {
				ALWAYS_EMBED_SWIFT_STANDARD_LIBRARIES = YES;
				BUNDLE_LOADER = "$(TEST_HOST)";
				CODE_SIGN_STYLE = Automatic;
				CURRENT_PROJECT_VERSION = 1;
				GENERATE_INFOPLIST_FILE = YES;
				IPHONEOS_DEPLOYMENT_TARGET = 17.0;
				MARKETING_VERSION = 1.0;
				PRODUCT_BUNDLE_IDENTIFIER = com.login.PokemonTests;
				PRODUCT_NAME = "$(TARGET_NAME)";
				SWIFT_EMIT_LOC_STRINGS = NO;
				SWIFT_VERSION = 5.0;
				TARGETED_DEVICE_FAMILY = "1,2";
				TEST_HOST = "$(BUILT_PRODUCTS_DIR)/Pokemon.app/$(BUNDLE_EXECUTABLE_FOLDER_PATH)/Pokemon";
			};
			name = Release;
		};
		4390CC152AE13FB100F76E2A /* Debug */ = {
			isa = XCBuildConfiguration;
			buildSettings = {
				ALWAYS_EMBED_SWIFT_STANDARD_LIBRARIES = YES;
				CODE_SIGN_STYLE = Automatic;
				CURRENT_PROJECT_VERSION = 1;
				GENERATE_INFOPLIST_FILE = YES;
				MARKETING_VERSION = 1.0;
				PRODUCT_BUNDLE_IDENTIFIER = com.login.PokemonUITests;
				PRODUCT_NAME = "$(TARGET_NAME)";
				SWIFT_EMIT_LOC_STRINGS = NO;
				SWIFT_VERSION = 5.0;
				TARGETED_DEVICE_FAMILY = "1,2";
				TEST_TARGET_NAME = Pokemon;
			};
			name = Debug;
		};
		4390CC162AE13FB100F76E2A /* Release */ = {
			isa = XCBuildConfiguration;
			buildSettings = {
				ALWAYS_EMBED_SWIFT_STANDARD_LIBRARIES = YES;
				CODE_SIGN_STYLE = Automatic;
				CURRENT_PROJECT_VERSION = 1;
				GENERATE_INFOPLIST_FILE = YES;
				MARKETING_VERSION = 1.0;
				PRODUCT_BUNDLE_IDENTIFIER = com.login.PokemonUITests;
				PRODUCT_NAME = "$(TARGET_NAME)";
				SWIFT_EMIT_LOC_STRINGS = NO;
				SWIFT_VERSION = 5.0;
				TARGETED_DEVICE_FAMILY = "1,2";
				TEST_TARGET_NAME = Pokemon;
			};
			name = Release;
		};
/* End XCBuildConfiguration section */

/* Begin XCConfigurationList section */
		4390CBE52AE13FAE00F76E2A /* Build configuration list for PBXProject "Pokemon" */ = {
			isa = XCConfigurationList;
			buildConfigurations = (
				4390CC0C2AE13FB100F76E2A /* Debug */,
				4390CC0D2AE13FB100F76E2A /* Release */,
			);
			defaultConfigurationIsVisible = 0;
			defaultConfigurationName = Release;
		};
		4390CC0E2AE13FB100F76E2A /* Build configuration list for PBXNativeTarget "Pokemon" */ = {
			isa = XCConfigurationList;
			buildConfigurations = (
				4390CC0F2AE13FB100F76E2A /* Debug */,
				4390CC102AE13FB100F76E2A /* Release */,
			);
			defaultConfigurationIsVisible = 0;
			defaultConfigurationName = Release;
		};
		4390CC112AE13FB100F76E2A /* Build configuration list for PBXNativeTarget "PokemonTests" */ = {
			isa = XCConfigurationList;
			buildConfigurations = (
				4390CC122AE13FB100F76E2A /* Debug */,
				4390CC132AE13FB100F76E2A /* Release */,
			);
			defaultConfigurationIsVisible = 0;
			defaultConfigurationName = Release;
		};
		4390CC142AE13FB100F76E2A /* Build configuration list for PBXNativeTarget "PokemonUITests" */ = {
			isa = XCConfigurationList;
			buildConfigurations = (
				4390CC152AE13FB100F76E2A /* Debug */,
				4390CC162AE13FB100F76E2A /* Release */,
			);
			defaultConfigurationIsVisible = 0;
			defaultConfigurationName = Release;
		};
/* End XCConfigurationList section */

/* Begin XCRemoteSwiftPackageReference section */
		43189CC32AE2B3BC00B7964E /* XCRemoteSwiftPackageReference "Kingfisher" */ = {
			isa = XCRemoteSwiftPackageReference;
			repositoryURL = "https://github.com/onevcat/Kingfisher.git";
			requirement = {
				kind = upToNextMajorVersion;
				minimumVersion = 7.9.1;
			};
		};
		43189CC72AE2BE7700B7964E /* XCRemoteSwiftPackageReference "SwiftLint" */ = {
			isa = XCRemoteSwiftPackageReference;
			repositoryURL = "https://github.com/realm/SwiftLint";
			requirement = {
				kind = upToNextMajorVersion;
				minimumVersion = 0.53.0;
			};
		};
/* End XCRemoteSwiftPackageReference section */

/* Begin XCSwiftPackageProductDependency section */
		43189CC42AE2B3BC00B7964E /* Kingfisher */ = {
			isa = XCSwiftPackageProductDependency;
			package = 43189CC32AE2B3BC00B7964E /* XCRemoteSwiftPackageReference "Kingfisher" */;
			productName = Kingfisher;
		};
/* End XCSwiftPackageProductDependency section */
	};
	rootObject = 4390CBE22AE13FAE00F76E2A /* Project object */;
}
